
Microsoft Visual Studio Solution File, Format Version 12.00
# Visual Studio 15
VisualStudioVersion = 15.0.27130.2020
MinimumVisualStudioVersion = 10.0.40219.1
Project("{FAE04EC0-301F-11D3-BF4B-00C04F79EFBC}") = "PhotographyCapstone", "PhotographyCapstone\PhotographyCapstone.csproj", "{88DFCBBB-F686-41A8-A3A5-6BB07A78D1FC}"
EndProject
Project("{FAE04EC0-301F-11D3-BF4B-00C04F79EFBC}") = "PhotographyCapstoneDAL", "PhotographyCapstoneDAL\PhotographyCapstoneDAL.csproj", "{55675E6D-F359-467B-BDA9-852BA081751E}"
EndProject
Project("{FAE04EC0-301F-11D3-BF4B-00C04F79EFBC}") = "PhotographyCapstoneBLL", "PhotographyCapstoneBLL\PhotographyCapstoneBLL.csproj", "{2A3F87ED-A3F2-4E98-820D-DAD64E761C71}"
EndProject
Global
	GlobalSection(SolutionConfigurationPlatforms) = preSolution
		Debug|Any CPU = Debug|Any CPU
		Release|Any CPU = Release|Any CPU
	EndGlobalSection
	GlobalSection(ProjectConfigurationPlatforms) = postSolution
		{88DFCBBB-F686-41A8-A3A5-6BB07A78D1FC}.Debug|Any CPU.ActiveCfg = Debug|Any CPU
		{88DFCBBB-F686-41A8-A3A5-6BB07A78D1FC}.Debug|Any CPU.Build.0 = Debug|Any CPU
		{88DFCBBB-F686-41A8-A3A5-6BB07A78D1FC}.Release|Any CPU.ActiveCfg = Release|Any CPU
		{88DFCBBB-F686-41A8-A3A5-6BB07A78D1FC}.Release|Any CPU.Build.0 = Release|Any CPU
		{55675E6D-F359-467B-BDA9-852BA081751E}.Debug|Any CPU.ActiveCfg = Debug|Any CPU
		{55675E6D-F359-467B-BDA9-852BA081751E}.Debug|Any CPU.Build.0 = Debug|Any CPU
		{55675E6D-F359-467B-BDA9-852BA081751E}.Release|Any CPU.ActiveCfg = Release|Any CPU
		{55675E6D-F359-467B-BDA9-852BA081751E}.Release|Any CPU.Build.0 = Release|Any CPU
		{2A3F87ED-A3F2-4E98-820D-DAD64E761C71}.Debug|Any CPU.ActiveCfg = Debug|Any CPU
		{2A3F87ED-A3F2-4E98-820D-DAD64E761C71}.Debug|Any CPU.Build.0 = Debug|Any CPU
		{2A3F87ED-A3F2-4E98-820D-DAD64E761C71}.Release|Any CPU.ActiveCfg = Release|Any CPU
		{2A3F87ED-A3F2-4E98-820D-DAD64E761C71}.Release|Any CPU.Build.0 = Release|Any CPU
	EndGlobalSection
	GlobalSection(SolutionProperties) = preSolution
		HideSolutionNode = FALSE
	EndGlobalSection
	GlobalSection(ExtensibilityGlobals) = postSolution
		SolutionGuid = {B95CC22A-BCFE-444D-876C-9AB8EAAAB8C6}
	EndGlobalSection
EndGlobal
